
Microsoft Visual Studio Solution File, Format Version 12.00
# Visual Studio Version 16
VisualStudioVersion = 16.0.29318.209
MinimumVisualStudioVersion = 10.0.40219.1
Project("{FAE04EC0-301F-11D3-BF4B-00C04F79EFBC}") = "DocUniversalResources", "DocUniversalResources\DocUniversalResources.csproj", "{89D36543-30CA-459F-848B-C873C236BCF3}"
EndProject
Global
	GlobalSection(SolutionConfigurationPlatforms) = preSolution
		Debug|Any CPU = Debug|Any CPU
		Release|Any CPU = Release|Any CPU
	EndGlobalSection
	GlobalSection(ProjectConfigurationPlatforms) = postSolution
		{89D36543-30CA-459F-848B-C873C236BCF3}.Debug|Any CPU.ActiveCfg = Debug|Any CPU
		{89D36543-30CA-459F-848B-C873C236BCF3}.Debug|Any CPU.Build.0 = Debug|Any CPU
		{89D36543-30CA-459F-848B-C873C236BCF3}.Release|Any CPU.ActiveCfg = Release|Any CPU
		{89D36543-30CA-459F-848B-C873C236BCF3}.Release|Any CPU.Build.0 = Release|Any CPU
	EndGlobalSection
	GlobalSection(SolutionProperties) = preSolution
		HideSolutionNode = FALSE
	EndGlobalSection
	GlobalSection(ExtensibilityGlobals) = postSolution
		SolutionGuid = {B3239815-270F-4454-9E84-6C4969CF64B5}
	EndGlobalSection
EndGlobal
